
Microsoft Visual Studio Solution File, Format Version 12.00
# Visual Studio Version 16
VisualStudioVersion = 16.0.31019.35
MinimumVisualStudioVersion = 10.0.40219.1
Project("{FAE04EC0-301F-11D3-BF4B-00C04F79EFBC}") = "PS4Saves", "PS4Saves.csproj", "{8F8D661C-CCD4-4360-962D-60207A3828BF}"
EndProject
Global
	GlobalSection(SolutionConfigurationPlatforms) = preSolution
		Debug|Any CPU = Debug|Any CPU
		Release|Any CPU = Release|Any CPU
	EndGlobalSection
	GlobalSection(ProjectConfigurationPlatforms) = postSolution
		{8F8D661C-CCD4-4360-962D-60207A3828BF}.Debug|Any CPU.ActiveCfg = Debug|Any CPU
		{8F8D661C-CCD4-4360-962D-60207A3828BF}.Debug|Any CPU.Build.0 = Debug|Any CPU
		{8F8D661C-CCD4-4360-962D-60207A3828BF}.Release|Any CPU.ActiveCfg = Release|Any CPU
		{8F8D661C-CCD4-4360-962D-60207A3828BF}.Release|Any CPU.Build.0 = Release|Any CPU
	EndGlobalSection
	GlobalSection(SolutionProperties) = preSolution
		HideSolutionNode = FALSE
	EndGlobalSection
	GlobalSection(ExtensibilityGlobals) = postSolution
		SolutionGuid = {62B2D84C-C00A-41DC-918A-7B2AA46B2540}
	EndGlobalSection
EndGlobal
